// !$*UTF8*$!
{
	archiveVersion = 1;
	classes = {
	};
	objectVersion = 46;
	objects = {

/* Begin PBXBuildFile section */
		454F08B71904C1E400B9DA16 /* HTFMDatabase.m in Sources */ = {isa = PBXBuildFile; fileRef = 454F08B61904C1E400B9DA16 /* HTFMDatabase.m */; };
		45AC5B8519021F16002F6874 /* Foundation.framework in Frameworks */ = {isa = PBXBuildFile; fileRef = 45AC5B8419021F16002F6874 /* Foundation.framework */; };
		45AC5B8719021F16002F6874 /* CoreGraphics.framework in Frameworks */ = {isa = PBXBuildFile; fileRef = 45AC5B8619021F16002F6874 /* CoreGraphics.framework */; };
		45AC5B8919021F16002F6874 /* UIKit.framework in Frameworks */ = {isa = PBXBuildFile; fileRef = 45AC5B8819021F16002F6874 /* UIKit.framework */; };
		45AC5B8F19021F16002F6874 /* InfoPlist.strings in Resources */ = {isa = PBXBuildFile; fileRef = 45AC5B8D19021F16002F6874 /* InfoPlist.strings */; };
		45AC5B9119021F16002F6874 /* main.m in Sources */ = {isa = PBXBuildFile; fileRef = 45AC5B9019021F16002F6874 /* main.m */; };
		45AC5B9519021F16002F6874 /* AppDelegate.m in Sources */ = {isa = PBXBuildFile; fileRef = 45AC5B9419021F16002F6874 /* AppDelegate.m */; };
		45AC5B9819021F16002F6874 /* Main.storyboard in Resources */ = {isa = PBXBuildFile; fileRef = 45AC5B9619021F16002F6874 /* Main.storyboard */; };
		45AC5B9B19021F16002F6874 /* ViewController.m in Sources */ = {isa = PBXBuildFile; fileRef = 45AC5B9A19021F16002F6874 /* ViewController.m */; };
		45AC5B9D19021F16002F6874 /* Images.xcassets in Resources */ = {isa = PBXBuildFile; fileRef = 45AC5B9C19021F16002F6874 /* Images.xcassets */; };
		45AC5BA419021F16002F6874 /* XCTest.framework in Frameworks */ = {isa = PBXBuildFile; fileRef = 45AC5BA319021F16002F6874 /* XCTest.framework */; };
		45AC5BA519021F16002F6874 /* Foundation.framework in Frameworks */ = {isa = PBXBuildFile; fileRef = 45AC5B8419021F16002F6874 /* Foundation.framework */; };
		45AC5BA619021F16002F6874 /* UIKit.framework in Frameworks */ = {isa = PBXBuildFile; fileRef = 45AC5B8819021F16002F6874 /* UIKit.framework */; };
		45AC5BAE19021F16002F6874 /* InfoPlist.strings in Resources */ = {isa = PBXBuildFile; fileRef = 45AC5BAC19021F16002F6874 /* InfoPlist.strings */; };
		45AC5BB019021F16002F6874 /* SqliteWalDemoTests.m in Sources */ = {isa = PBXBuildFile; fileRef = 45AC5BAF19021F16002F6874 /* SqliteWalDemoTests.m */; };
		45AC5BC519021F58002F6874 /* FMDatabase.m in Sources */ = {isa = PBXBuildFile; fileRef = 45AC5BBB19021F58002F6874 /* FMDatabase.m */; };
		45AC5BC619021F58002F6874 /* FMDatabaseAdditions.m in Sources */ = {isa = PBXBuildFile; fileRef = 45AC5BBD19021F58002F6874 /* FMDatabaseAdditions.m */; };
		45AC5BC719021F58002F6874 /* FMDatabasePool.m in Sources */ = {isa = PBXBuildFile; fileRef = 45AC5BBF19021F58002F6874 /* FMDatabasePool.m */; };
		45AC5BC819021F58002F6874 /* FMDatabaseQueue.m in Sources */ = {isa = PBXBuildFile; fileRef = 45AC5BC119021F58002F6874 /* FMDatabaseQueue.m */; };
		45AC5BC919021F58002F6874 /* FMResultSet.m in Sources */ = {isa = PBXBuildFile; fileRef = 45AC5BC419021F58002F6874 /* FMResultSet.m */; };
		45AC5BCB19021F73002F6874 /* libsqlite3.dylib in Frameworks */ = {isa = PBXBuildFile; fileRef = 45AC5BCA19021F73002F6874 /* libsqlite3.dylib */; };
/* End PBXBuildFile section */

/* Begin PBXContainerItemProxy section */
		45AC5BA719021F16002F6874 /* PBXContainerItemProxy */ = {
			isa = PBXContainerItemProxy;
			containerPortal = 45AC5B7919021F16002F6874 /* Project object */;
			proxyType = 1;
			remoteGlobalIDString = 45AC5B8019021F16002F6874;
			remoteInfo = SqliteWalDemo;
		};
/* End PBXContainerItemProxy section */

/* Begin PBXFileReference section */
		454F08B51904C1E400B9DA16 /* HTFMDatabase.h */ = {isa = PBXFileReference; fileEncoding = 4; lastKnownFileType = sourcecode.c.h; path = HTFMDatabase.h; sourceTree = "<group>"; };
		454F08B61904C1E400B9DA16 /* HTFMDatabase.m */ = {isa = PBXFileReference; fileEncoding = 4; lastKnownFileType = sourcecode.c.objc; path = HTFMDatabase.m; sourceTree = "<group>"; };
		45AC5B8119021F16002F6874 /* SqliteWalDemo.app */ = {isa = PBXFileReference; explicitFileType = wrapper.application; includeInIndex = 0; path = SqliteWalDemo.app; sourceTree = BUILT_PRODUCTS_DIR; };
		45AC5B8419021F16002F6874 /* Foundation.framework */ = {isa = PBXFileReference; lastKnownFileType = wrapper.framework; name = Foundation.framework; path = System/Library/Frameworks/Foundation.framework; sourceTree = SDKROOT; };
		45AC5B8619021F16002F6874 /* CoreGraphics.framework */ = {isa = PBXFileReference; lastKnownFileType = wrapper.framework; name = CoreGraphics.framework; path = System/Library/Frameworks/CoreGraphics.framework; sourceTree = SDKROOT; };
		45AC5B8819021F16002F6874 /* UIKit.framework */ = {isa = PBXFileReference; lastKnownFileType = wrapper.framework; name = UIKit.framework; path = System/Library/Frameworks/UIKit.framework; sourceTree = SDKROOT; };
		45AC5B8C19021F16002F6874 /* SqliteWalDemo-Info.plist */ = {isa = PBXFileReference; lastKnownFileType = text.plist.xml; path = "SqliteWalDemo-Info.plist"; sourceTree = "<group>"; };
		45AC5B8E19021F16002F6874 /* en */ = {isa = PBXFileReference; lastKnownFileType = text.plist.strings; name = en; path = en.lproj/InfoPlist.strings; sourceTree = "<group>"; };
		45AC5B9019021F16002F6874 /* main.m */ = {isa = PBXFileReference; lastKnownFileType = sourcecode.c.objc; path = main.m; sourceTree = "<group>"; };
		45AC5B9219021F16002F6874 /* SqliteWalDemo-Prefix.pch */ = {isa = PBXFileReference; lastKnownFileType = sourcecode.c.h; path = "SqliteWalDemo-Prefix.pch"; sourceTree = "<group>"; };
		45AC5B9319021F16002F6874 /* AppDelegate.h */ = {isa = PBXFileReference; lastKnownFileType = sourcecode.c.h; path = AppDelegate.h; sourceTree = "<group>"; };
		45AC5B9419021F16002F6874 /* AppDelegate.m */ = {isa = PBXFileReference; lastKnownFileType = sourcecode.c.objc; path = AppDelegate.m; sourceTree = "<group>"; };
		45AC5B9719021F16002F6874 /* Base */ = {isa = PBXFileReference; lastKnownFileType = file.storyboard; name = Base; path = Base.lproj/Main.storyboard; sourceTree = "<group>"; };
		45AC5B9919021F16002F6874 /* ViewController.h */ = {isa = PBXFileReference; lastKnownFileType = sourcecode.c.h; path = ViewController.h; sourceTree = "<group>"; };
		45AC5B9A19021F16002F6874 /* ViewController.m */ = {isa = PBXFileReference; lastKnownFileType = sourcecode.c.objc; path = ViewController.m; sourceTree = "<group>"; };
		45AC5B9C19021F16002F6874 /* Images.xcassets */ = {isa = PBXFileReference; lastKnownFileType = folder.assetcatalog; path = Images.xcassets; sourceTree = "<group>"; };
		45AC5BA219021F16002F6874 /* SqliteWalDemoTests.xctest */ = {isa = PBXFileReference; explicitFileType = wrapper.cfbundle; includeInIndex = 0; path = SqliteWalDemoTests.xctest; sourceTree = BUILT_PRODUCTS_DIR; };
		45AC5BA319021F16002F6874 /* XCTest.framework */ = {isa = PBXFileReference; lastKnownFileType = wrapper.framework; name = XCTest.framework; path = Library/Frameworks/XCTest.framework; sourceTree = DEVELOPER_DIR; };
		45AC5BAB19021F16002F6874 /* SqliteWalDemoTests-Info.plist */ = {isa = PBXFileReference; lastKnownFileType = text.plist.xml; path = "SqliteWalDemoTests-Info.plist"; sourceTree = "<group>"; };
		45AC5BAD19021F16002F6874 /* en */ = {isa = PBXFileReference; lastKnownFileType = text.plist.strings; name = en; path = en.lproj/InfoPlist.strings; sourceTree = "<group>"; };
		45AC5BAF19021F16002F6874 /* SqliteWalDemoTests.m */ = {isa = PBXFileReference; lastKnownFileType = sourcecode.c.objc; path = SqliteWalDemoTests.m; sourceTree = "<group>"; };
		45AC5BBA19021F58002F6874 /* FMDatabase.h */ = {isa = PBXFileReference; fileEncoding = 4; lastKnownFileType = sourcecode.c.h; path = FMDatabase.h; sourceTree = "<group>"; };
		45AC5BBB19021F58002F6874 /* FMDatabase.m */ = {isa = PBXFileReference; fileEncoding = 4; lastKnownFileType = sourcecode.c.objc; path = FMDatabase.m; sourceTree = "<group>"; };
		45AC5BBC19021F58002F6874 /* FMDatabaseAdditions.h */ = {isa = PBXFileReference; fileEncoding = 4; lastKnownFileType = sourcecode.c.h; path = FMDatabaseAdditions.h; sourceTree = "<group>"; };
		45AC5BBD19021F58002F6874 /* FMDatabaseAdditions.m */ = {isa = PBXFileReference; fileEncoding = 4; lastKnownFileType = sourcecode.c.objc; path = FMDatabaseAdditions.m; sourceTree = "<group>"; };
		45AC5BBE19021F58002F6874 /* FMDatabasePool.h */ = {isa = PBXFileReference; fileEncoding = 4; lastKnownFileType = sourcecode.c.h; path = FMDatabasePool.h; sourceTree = "<group>"; };
		45AC5BBF19021F58002F6874 /* FMDatabasePool.m */ = {isa = PBXFileReference; fileEncoding = 4; lastKnownFileType = sourcecode.c.objc; path = FMDatabasePool.m; sourceTree = "<group>"; };
		45AC5BC019021F58002F6874 /* FMDatabaseQueue.h */ = {isa = PBXFileReference; fileEncoding = 4; lastKnownFileType = sourcecode.c.h; path = FMDatabaseQueue.h; sourceTree = "<group>"; };
		45AC5BC119021F58002F6874 /* FMDatabaseQueue.m */ = {isa = PBXFileReference; fileEncoding = 4; lastKnownFileType = sourcecode.c.objc; path = FMDatabaseQueue.m; sourceTree = "<group>"; };
		45AC5BC219021F58002F6874 /* FMDB.h */ = {isa = PBXFileReference; fileEncoding = 4; lastKnownFileType = sourcecode.c.h; path = FMDB.h; sourceTree = "<group>"; };
		45AC5BC319021F58002F6874 /* FMResultSet.h */ = {isa = PBXFileReference; fileEncoding = 4; lastKnownFileType = sourcecode.c.h; path = FMResultSet.h; sourceTree = "<group>"; };
		45AC5BC419021F58002F6874 /* FMResultSet.m */ = {isa = PBXFileReference; fileEncoding = 4; lastKnownFileType = sourcecode.c.objc; path = FMResultSet.m; sourceTree = "<group>"; };
		45AC5BCA19021F73002F6874 /* libsqlite3.dylib */ = {isa = PBXFileReference; lastKnownFileType = "compiled.mach-o.dylib"; name = libsqlite3.dylib; path = usr/lib/libsqlite3.dylib; sourceTree = SDKROOT; };
/* End PBXFileReference section */

/* Begin PBXFrameworksBuildPhase section */
		45AC5B7E19021F16002F6874 /* Frameworks */ = {
			isa = PBXFrameworksBuildPhase;
			buildActionMask = 2147483647;
			files = (
				45AC5BCB19021F73002F6874 /* libsqlite3.dylib in Frameworks */,
				45AC5B8719021F16002F6874 /* CoreGraphics.framework in Frameworks */,
				45AC5B8919021F16002F6874 /* UIKit.framework in Frameworks */,
				45AC5B8519021F16002F6874 /* Foundation.framework in Frameworks */,
			);
			runOnlyForDeploymentPostprocessing = 0;
		};
		45AC5B9F19021F16002F6874 /* Frameworks */ = {
			isa = PBXFrameworksBuildPhase;
			buildActionMask = 2147483647;
			files = (
				45AC5BA419021F16002F6874 /* XCTest.framework in Frameworks */,
				45AC5BA619021F16002F6874 /* UIKit.framework in Frameworks */,
				45AC5BA519021F16002F6874 /* Foundation.framework in Frameworks */,
			);
			runOnlyForDeploymentPostprocessing = 0;
		};
/* End PBXFrameworksBuildPhase section */

/* Begin PBXGroup section */
		45AC5B7819021F16002F6874 = {
			isa = PBXGroup;
			children = (
				45AC5BB919021F58002F6874 /* fmdb */,
				45AC5B8A19021F16002F6874 /* SqliteWalDemo */,
				45AC5BA919021F16002F6874 /* SqliteWalDemoTests */,
				45AC5B8319021F16002F6874 /* Frameworks */,
				45AC5B8219021F16002F6874 /* Products */,
			);
			sourceTree = "<group>";
		};
		45AC5B8219021F16002F6874 /* Products */ = {
			isa = PBXGroup;
			children = (
				45AC5B8119021F16002F6874 /* SqliteWalDemo.app */,
				45AC5BA219021F16002F6874 /* SqliteWalDemoTests.xctest */,
			);
			name = Products;
			sourceTree = "<group>";
		};
		45AC5B8319021F16002F6874 /* Frameworks */ = {
			isa = PBXGroup;
			children = (
				45AC5BCA19021F73002F6874 /* libsqlite3.dylib */,
				45AC5B8419021F16002F6874 /* Foundation.framework */,
				45AC5B8619021F16002F6874 /* CoreGraphics.framework */,
				45AC5B8819021F16002F6874 /* UIKit.framework */,
				45AC5BA319021F16002F6874 /* XCTest.framework */,
			);
			name = Frameworks;
			sourceTree = "<group>";
		};
		45AC5B8A19021F16002F6874 /* SqliteWalDemo */ = {
			isa = PBXGroup;
			children = (
				454F08B51904C1E400B9DA16 /* HTFMDatabase.h */,
				454F08B61904C1E400B9DA16 /* HTFMDatabase.m */,
				45AC5B9319021F16002F6874 /* AppDelegate.h */,
				45AC5B9419021F16002F6874 /* AppDelegate.m */,
				45AC5B9619021F16002F6874 /* Main.storyboard */,
				45AC5B9919021F16002F6874 /* ViewController.h */,
				45AC5B9A19021F16002F6874 /* ViewController.m */,
				45AC5B9C19021F16002F6874 /* Images.xcassets */,
				45AC5B8B19021F16002F6874 /* Supporting Files */,
			);
			path = SqliteWalDemo;
			sourceTree = "<group>";
		};
		45AC5B8B19021F16002F6874 /* Supporting Files */ = {
			isa = PBXGroup;
			children = (
				45AC5B8C19021F16002F6874 /* SqliteWalDemo-Info.plist */,
				45AC5B8D19021F16002F6874 /* InfoPlist.strings */,
				45AC5B9019021F16002F6874 /* main.m */,
				45AC5B9219021F16002F6874 /* SqliteWalDemo-Prefix.pch */,
			);
			name = "Supporting Files";
			sourceTree = "<group>";
		};
		45AC5BA919021F16002F6874 /* SqliteWalDemoTests */ = {
			isa = PBXGroup;
			children = (
				45AC5BAF19021F16002F6874 /* SqliteWalDemoTests.m */,
				45AC5BAA19021F16002F6874 /* Supporting Files */,
			);
			path = SqliteWalDemoTests;
			sourceTree = "<group>";
		};
		45AC5BAA19021F16002F6874 /* Supporting Files */ = {
			isa = PBXGroup;
			children = (
				45AC5BAB19021F16002F6874 /* SqliteWalDemoTests-Info.plist */,
				45AC5BAC19021F16002F6874 /* InfoPlist.strings */,
			);
			name = "Supporting Files";
			sourceTree = "<group>";
		};
		45AC5BB919021F58002F6874 /* fmdb */ = {
			isa = PBXGroup;
			children = (
				45AC5BBA19021F58002F6874 /* FMDatabase.h */,
				45AC5BBB19021F58002F6874 /* FMDatabase.m */,
				45AC5BBC19021F58002F6874 /* FMDatabaseAdditions.h */,
				45AC5BBD19021F58002F6874 /* FMDatabaseAdditions.m */,
				45AC5BBE19021F58002F6874 /* FMDatabasePool.h */,
				45AC5BBF19021F58002F6874 /* FMDatabasePool.m */,
				45AC5BC019021F58002F6874 /* FMDatabaseQueue.h */,
				45AC5BC119021F58002F6874 /* FMDatabaseQueue.m */,
				45AC5BC219021F58002F6874 /* FMDB.h */,
				45AC5BC319021F58002F6874 /* FMResultSet.h */,
				45AC5BC419021F58002F6874 /* FMResultSet.m */,
			);
			path = fmdb;
			sourceTree = "<group>";
		};
/* End PBXGroup section */

/* Begin PBXNativeTarget section */
		45AC5B8019021F16002F6874 /* SqliteWalDemo */ = {
			isa = PBXNativeTarget;
			buildConfigurationList = 45AC5BB319021F16002F6874 /* Build configuration list for PBXNativeTarget "SqliteWalDemo" */;
			buildPhases = (
				45AC5B7D19021F16002F6874 /* Sources */,
				45AC5B7E19021F16002F6874 /* Frameworks */,
				45AC5B7F19021F16002F6874 /* Resources */,
			);
			buildRules = (
			);
			dependencies = (
			);
			name = SqliteWalDemo;
			productName = SqliteWalDemo;
			productReference = 45AC5B8119021F16002F6874 /* SqliteWalDemo.app */;
			productType = "com.apple.product-type.application";
		};
		45AC5BA119021F16002F6874 /* SqliteWalDemoTests */ = {
			isa = PBXNativeTarget;
			buildConfigurationList = 45AC5BB619021F16002F6874 /* Build configuration list for PBXNativeTarget "SqliteWalDemoTests" */;
			buildPhases = (
				45AC5B9E19021F16002F6874 /* Sources */,
				45AC5B9F19021F16002F6874 /* Frameworks */,
				45AC5BA019021F16002F6874 /* Resources */,
			);
			buildRules = (
			);
			dependencies = (
				45AC5BA819021F16002F6874 /* PBXTargetDependency */,
			);
			name = SqliteWalDemoTests;
			productName = SqliteWalDemoTests;
			productReference = 45AC5BA219021F16002F6874 /* SqliteWalDemoTests.xctest */;
			productType = "com.apple.product-type.bundle.unit-test";
		};
/* End PBXNativeTarget section */

/* Begin PBXProject section */
		45AC5B7919021F16002F6874 /* Project object */ = {
			isa = PBXProject;
			attributes = {
				LastUpgradeCheck = 0510;
				ORGANIZATIONNAME = ZZ;
				TargetAttributes = {
					45AC5BA119021F16002F6874 = {
						TestTargetID = 45AC5B8019021F16002F6874;
					};
				};
			};
			buildConfigurationList = 45AC5B7C19021F16002F6874 /* Build configuration list for PBXProject "SqliteWalDemo" */;
			compatibilityVersion = "Xcode 3.2";
			developmentRegion = English;
			hasScannedForEncodings = 0;
			knownRegions = (
				en,
				Base,
			);
			mainGroup = 45AC5B7819021F16002F6874;
			productRefGroup = 45AC5B8219021F16002F6874 /* Products */;
			projectDirPath = "";
			projectRoot = "";
			targets = (
				45AC5B8019021F16002F6874 /* SqliteWalDemo */,
				45AC5BA119021F16002F6874 /* SqliteWalDemoTests */,
			);
		};
/* End PBXProject section */

/* Begin PBXResourcesBuildPhase section */
		45AC5B7F19021F16002F6874 /* Resources */ = {
			isa = PBXResourcesBuildPhase;
			buildActionMask = 2147483647;
			files = (
				45AC5B9D19021F16002F6874 /* Images.xcassets in Resources */,
				45AC5B8F19021F16002F6874 /* InfoPlist.strings in Resources */,
				45AC5B9819021F16002F6874 /* Main.storyboard in Resources */,
			);
			runOnlyForDeploymentPostprocessing = 0;
		};
		45AC5BA019021F16002F6874 /* Resources */ = {
			isa = PBXResourcesBuildPhase;
			buildActionMask = 2147483647;
			files = (
				45AC5BAE19021F16002F6874 /* InfoPlist.strings in Resources */,
			);
			runOnlyForDeploymentPostprocessing = 0;
		};
/* End PBXResourcesBuildPhase section */

/* Begin PBXSourcesBuildPhase section */
		45AC5B7D19021F16002F6874 /* Sources */ = {
			isa = PBXSourcesBuildPhase;
			buildActionMask = 2147483647;
			files = (
				45AC5B9B19021F16002F6874 /* ViewController.m in Sources */,
				45AC5BC719021F58002F6874 /* FMDatabasePool.m in Sources */,
				45AC5B9519021F16002F6874 /* AppDelegate.m in Sources */,
				454F08B71904C1E400B9DA16 /* HTFMDatabase.m in Sources */,
				45AC5BC819021F58002F6874 /* FMDatabaseQueue.m in Sources */,
				45AC5B9119021F16002F6874 /* main.m in Sources */,
				45AC5BC519021F58002F6874 /* FMDatabase.m in Sources */,
				45AC5BC919021F58002F6874 /* FMResultSet.m in Sources */,
				45AC5BC619021F58002F6874 /* FMDatabaseAdditions.m in Sources */,
			);
			runOnlyForDeploymentPostprocessing = 0;
		};
		45AC5B9E19021F16002F6874 /* Sources */ = {
			isa = PBXSourcesBuildPhase;
			buildActionMask = 2147483647;
			files = (
				45AC5BB019021F16002F6874 /* SqliteWalDemoTests.m in Sources */,
			);
			runOnlyForDeploymentPostprocessing = 0;
		};
/* End PBXSourcesBuildPhase section */

/* Begin PBXTargetDependency section */
		45AC5BA819021F16002F6874 /* PBXTargetDependency */ = {
			isa = PBXTargetDependency;
			target = 45AC5B8019021F16002F6874 /* SqliteWalDemo */;
			targetProxy = 45AC5BA719021F16002F6874 /* PBXContainerItemProxy */;
		};
/* End PBXTargetDependency section */

/* Begin PBXVariantGroup section */
		45AC5B8D19021F16002F6874 /* InfoPlist.strings */ = {
			isa = PBXVariantGroup;
			children = (
				45AC5B8E19021F16002F6874 /* en */,
			);
			name = InfoPlist.strings;
			sourceTree = "<group>";
		};
		45AC5B9619021F16002F6874 /* Main.storyboard */ = {
			isa = PBXVariantGroup;
			children = (
				45AC5B9719021F16002F6874 /* Base */,
			);
			name = Main.storyboard;
			sourceTree = "<group>";
		};
		45AC5BAC19021F16002F6874 /* InfoPlist.strings */ = {
			isa = PBXVariantGroup;
			children = (
				45AC5BAD19021F16002F6874 /* en */,
			);
			name = InfoPlist.strings;
			sourceTree = "<group>";
		};
/* End PBXVariantGroup section */

/* Begin XCBuildConfiguration section */
		45AC5BB119021F16002F6874 /* Debug */ = {
			isa = XCBuildConfiguration;
			buildSettings = {
				ALWAYS_SEARCH_USER_PATHS = NO;
				CLANG_CXX_LANGUAGE_STANDARD = "gnu++0x";
				CLANG_CXX_LIBRARY = "libc++";
				CLANG_ENABLE_MODULES = YES;
				CLANG_ENABLE_OBJC_ARC = YES;
				CLANG_WARN_BOOL_CONVERSION = YES;
				CLANG_WARN_CONSTANT_CONVERSION = YES;
				CLANG_WARN_DIRECT_OBJC_ISA_USAGE = YES_ERROR;
				CLANG_WARN_EMPTY_BODY = YES;
				CLANG_WARN_ENUM_CONVERSION = YES;
				CLANG_WARN_INT_CONVERSION = YES;
				CLANG_WARN_OBJC_ROOT_CLASS = YES_ERROR;
				CLANG_WARN__DUPLICATE_METHOD_MATCH = YES;
				"CODE_SIGN_IDENTITY[sdk=iphoneos*]" = "iPhone Developer";
				COPY_PHASE_STRIP = NO;
				GCC_C_LANGUAGE_STANDARD = gnu99;
				GCC_DYNAMIC_NO_PIC = NO;
				GCC_OPTIMIZATION_LEVEL = 0;
				GCC_PREPROCESSOR_DEFINITIONS = (
					"DEBUG=1",
					"$(inherited)",
				);
				GCC_SYMBOLS_PRIVATE_EXTERN = NO;
				GCC_WARN_64_TO_32_BIT_CONVERSION = YES;
				GCC_WARN_ABOUT_RETURN_TYPE = YES_ERROR;
				GCC_WARN_UNDECLARED_SELECTOR = YES;
				GCC_WARN_UNINITIALIZED_AUTOS = YES_AGGRESSIVE;
				GCC_WARN_UNUSED_FUNCTION = YES;
				GCC_WARN_UNUSED_VARIABLE = YES;
				IPHONEOS_DEPLOYMENT_TARGET = 7.1;
				ONLY_ACTIVE_ARCH = YES;
				SDKROOT = iphoneos;
			};
			name = Debug;
		};
		45AC5BB219021F16002F6874 /* Release */ = {
			isa = XCBuildConfiguration;
			buildSettings = {
				ALWAYS_SEARCH_USER_PATHS = NO;
				CLANG_CXX_LANGUAGE_STANDARD = "gnu++0x";
				CLANG_CXX_LIBRARY = "libc++";
				CLANG_ENABLE_MODULES = YES;
				CLANG_ENABLE_OBJC_ARC = YES;
				CLANG_WARN_BOOL_CONVERSION = YES;
				CLANG_WARN_CONSTANT_CONVERSION = YES;
				CLANG_WARN_DIRECT_OBJC_ISA_USAGE = YES_ERROR;
				CLANG_WARN_EMPTY_BODY = YES;
				CLANG_WARN_ENUM_CONVERSION = YES;
				CLANG_WARN_INT_CONVERSION = YES;
				CLANG_WARN_OBJC_ROOT_CLASS = YES_ERROR;
				CLANG_WARN__DUPLICATE_METHOD_MATCH = YES;
				"CODE_SIGN_IDENTITY[sdk=iphoneos*]" = "iPhone Developer";
				COPY_PHASE_STRIP = YES;
				ENABLE_NS_ASSERTIONS = NO;
				GCC_C_LANGUAGE_STANDARD = gnu99;
				GCC_WARN_64_TO_32_BIT_CONVERSION = YES;
				GCC_WARN_ABOUT_RETURN_TYPE = YES_ERROR;
				GCC_WARN_UNDECLARED_SELECTOR = YES;
				GCC_WARN_UNINITIALIZED_AUTOS = YES_AGGRESSIVE;
				GCC_WARN_UNUSED_FUNCTION = YES;
				GCC_WARN_UNUSED_VARIABLE = YES;
				IPHONEOS_DEPLOYMENT_TARGET = 7.1;
				SDKROOT = iphoneos;
				VALIDATE_PRODUCT = YES;
			};
			name = Release;
		};
		45AC5BB419021F16002F6874 /* Debug */ = {
			isa = XCBuildConfiguration;
			buildSettings = {
				ASSETCATALOG_COMPILER_APPICON_NAME = AppIcon;
				ASSETCATALOG_COMPILER_LAUNCHIMAGE_NAME = LaunchImage;
				GCC_PRECOMPILE_PREFIX_HEADER = YES;
				GCC_PREFIX_HEADER = "SqliteWalDemo/SqliteWalDemo-Prefix.pch";
				INFOPLIST_FILE = "SqliteWalDemo/SqliteWalDemo-Info.plist";
				PRODUCT_NAME = "$(TARGET_NAME)";
				WRAPPER_EXTENSION = app;
			};
			name = Debug;
		};
		45AC5BB519021F16002F6874 /* Release */ = {
			isa = XCBuildConfiguration;
			buildSettings = {
				ASSETCATALOG_COMPILER_APPICON_NAME = AppIcon;
				ASSETCATALOG_COMPILER_LAUNCHIMAGE_NAME = LaunchImage;
				GCC_PRECOMPILE_PREFIX_HEADER = YES;
				GCC_PREFIX_HEADER = "SqliteWalDemo/SqliteWalDemo-Prefix.pch";
				INFOPLIST_FILE = "SqliteWalDemo/SqliteWalDemo-Info.plist";
				PRODUCT_NAME = "$(TARGET_NAME)";
				WRAPPER_EXTENSION = app;
			};
			name = Release;
		};
		45AC5BB719021F16002F6874 /* Debug */ = {
			isa = XCBuildConfiguration;
			buildSettings = {
				BUNDLE_LOADER = "$(BUILT_PRODUCTS_DIR)/SqliteWalDemo.app/SqliteWalDemo";
				FRAMEWORK_SEARCH_PATHS = (
					"$(SDKROOT)/Developer/Library/Frameworks",
					"$(inherited)",
					"$(DEVELOPER_FRAMEWORKS_DIR)",
				);
				GCC_PRECOMPILE_PREFIX_HEADER = YES;
				GCC_PREFIX_HEADER = "SqliteWalDemo/SqliteWalDemo-Prefix.pch";
				GCC_PREPROCESSOR_DEFINITIONS = (
					"DEBUG=1",
					"$(inherited)",
				);
				INFOPLIST_FILE = "SqliteWalDemoTests/SqliteWalDemoTests-Info.plist";
				PRODUCT_NAME = "$(TARGET_NAME)";
				TEST_HOST = "$(BUNDLE_LOADER)";
				WRAPPER_EXTENSION = xctest;
			};
			name = Debug;
		};
		45AC5BB819021F16002F6874 /* Release */ = {
			isa = XCBuildConfiguration;
			buildSettings = {
				BUNDLE_LOADER = "$(BUILT_PRODUCTS_DIR)/SqliteWalDemo.app/SqliteWalDemo";
				FRAMEWORK_SEARCH_PATHS = (
					"$(SDKROOT)/Developer/Library/Frameworks",
					"$(inherited)",
					"$(DEVELOPER_FRAMEWORKS_DIR)",
				);
				GCC_PRECOMPILE_PREFIX_HEADER = YES;
				GCC_PREFIX_HEADER = "SqliteWalDemo/SqliteWalDemo-Prefix.pch";
				INFOPLIST_FILE = "SqliteWalDemoTests/SqliteWalDemoTests-Info.plist";
				PRODUCT_NAME = "$(TARGET_NAME)";
				TEST_HOST = "$(BUNDLE_LOADER)";
				WRAPPER_EXTENSION = xctest;
			};
			name = Release;
		};
/* End XCBuildConfiguration section */

/* Begin XCConfigurationList section */
		45AC5B7C19021F16002F6874 /* Build configuration list for PBXProject "SqliteWalDemo" */ = {
			isa = XCConfigurationList;
			buildConfigurations = (
				45AC5BB119021F16002F6874 /* Debug */,
				45AC5BB219021F16002F6874 /* Release */,
			);
			defaultConfigurationIsVisible = 0;
			defaultConfigurationName = Release;
		};
		45AC5BB319021F16002F6874 /* Build configuration list for PBXNativeTarget "SqliteWalDemo" */ = {
			isa = XCConfigurationList;
			buildConfigurations = (
				45AC5BB419021F16002F6874 /* Debug */,
				45AC5BB519021F16002F6874 /* Release */,
			);
			defaultConfigurationIsVisible = 0;
			defaultConfigurationName = Release;
		};
		45AC5BB619021F16002F6874 /* Build configuration list for PBXNativeTarget "SqliteWalDemoTests" */ = {
			isa = XCConfigurationList;
			buildConfigurations = (
				45AC5BB719021F16002F6874 /* Debug */,
				45AC5BB819021F16002F6874 /* Release */,
			);
			defaultConfigurationIsVisible = 0;
			defaultConfigurationName = Release;
		};
/* End XCConfigurationList section */
	};
	rootObject = 45AC5B7919021F16002F6874 /* Project object */;
}
